
Microsoft Visual Studio Solution File, Format Version 12.00
# Visual Studio Version 16
VisualStudioVersion = 16.0.31205.134
MinimumVisualStudioVersion = 10.0.40219.1
Project("{FAE04EC0-301F-11D3-BF4B-00C04F79EFBC}") = "Lab.TpLinq.Presentation", "Lab.TpLinq.Presentation\Lab.TpLinq.Presentation.csproj", "{D0A0192D-F986-46BD-847C-13F5F66032CF}"
EndProject
Project("{FAE04EC0-301F-11D3-BF4B-00C04F79EFBC}") = "Lab.TpLinq.Logic", "Lab.TpLinq.Logic\Lab.TpLinq.Logic.csproj", "{BB38CA8A-F5A2-41CB-8C93-A2CCE70524AD}"
EndProject
Project("{FAE04EC0-301F-11D3-BF4B-00C04F79EFBC}") = "Lab.TpLinq.Entities", "Lab.TpLinq.Entities\Lab.TpLinq.Entities.csproj", "{CE9F96F8-DDDD-425C-90A5-87389CB72A60}"
EndProject
Project("{FAE04EC0-301F-11D3-BF4B-00C04F79EFBC}") = "Lab.TpLinq.Data", "Lab.TpLinq.Data\Lab.TpLinq.Data.csproj", "{B2BFB2DE-9D5D-4DE4-A761-C8D2FE66D0B7}"
EndProject
Global
	GlobalSection(SolutionConfigurationPlatforms) = preSolution
		Debug|Any CPU = Debug|Any CPU
		Release|Any CPU = Release|Any CPU
	EndGlobalSection
	GlobalSection(ProjectConfigurationPlatforms) = postSolution
		{D0A0192D-F986-46BD-847C-13F5F66032CF}.Debug|Any CPU.ActiveCfg = Debug|Any CPU
		{D0A0192D-F986-46BD-847C-13F5F66032CF}.Debug|Any CPU.Build.0 = Debug|Any CPU
		{D0A0192D-F986-46BD-847C-13F5F66032CF}.Release|Any CPU.ActiveCfg = Release|Any CPU
		{D0A0192D-F986-46BD-847C-13F5F66032CF}.Release|Any CPU.Build.0 = Release|Any CPU
		{BB38CA8A-F5A2-41CB-8C93-A2CCE70524AD}.Debug|Any CPU.ActiveCfg = Debug|Any CPU
		{BB38CA8A-F5A2-41CB-8C93-A2CCE70524AD}.Debug|Any CPU.Build.0 = Debug|Any CPU
		{BB38CA8A-F5A2-41CB-8C93-A2CCE70524AD}.Release|Any CPU.ActiveCfg = Release|Any CPU
		{BB38CA8A-F5A2-41CB-8C93-A2CCE70524AD}.Release|Any CPU.Build.0 = Release|Any CPU
		{CE9F96F8-DDDD-425C-90A5-87389CB72A60}.Debug|Any CPU.ActiveCfg = Debug|Any CPU
		{CE9F96F8-DDDD-425C-90A5-87389CB72A60}.Debug|Any CPU.Build.0 = Debug|Any CPU
		{CE9F96F8-DDDD-425C-90A5-87389CB72A60}.Release|Any CPU.ActiveCfg = Release|Any CPU
		{CE9F96F8-DDDD-425C-90A5-87389CB72A60}.Release|Any CPU.Build.0 = Release|Any CPU
		{B2BFB2DE-9D5D-4DE4-A761-C8D2FE66D0B7}.Debug|Any CPU.ActiveCfg = Debug|Any CPU
		{B2BFB2DE-9D5D-4DE4-A761-C8D2FE66D0B7}.Debug|Any CPU.Build.0 = Debug|Any CPU
		{B2BFB2DE-9D5D-4DE4-A761-C8D2FE66D0B7}.Release|Any CPU.ActiveCfg = Release|Any CPU
		{B2BFB2DE-9D5D-4DE4-A761-C8D2FE66D0B7}.Release|Any CPU.Build.0 = Release|Any CPU
	EndGlobalSection
	GlobalSection(SolutionProperties) = preSolution
		HideSolutionNode = FALSE
	EndGlobalSection
	GlobalSection(ExtensibilityGlobals) = postSolution
		SolutionGuid = {850BEA21-9AF9-4F53-83F0-56C42EA70F13}
	EndGlobalSection
EndGlobal
